// !$*UTF8*$!
{
	archiveVersion = 1;
	classes = {
	};
	objectVersion = 56;
	objects = {

/* Begin PBXBuildFile section */
		63A87FD42C0BE02E00A75A22 /* NavigationRouter.swift in Sources */ = {isa = PBXBuildFile; fileRef = 63A87FD32C0BE02E00A75A22 /* NavigationRouter.swift */; };
		63AFA1E32C0640EB00C1FB58 /* AirTicketsApp.swift in Sources */ = {isa = PBXBuildFile; fileRef = 63AFA1E22C0640EB00C1FB58 /* AirTicketsApp.swift */; };
		63AFA1E52C0640EB00C1FB58 /* ContentView.swift in Sources */ = {isa = PBXBuildFile; fileRef = 63AFA1E42C0640EB00C1FB58 /* ContentView.swift */; };
		63AFA1E72C0640EC00C1FB58 /* Assets.xcassets in Resources */ = {isa = PBXBuildFile; fileRef = 63AFA1E62C0640EC00C1FB58 /* Assets.xcassets */; };
		63AFA1EB2C0640EC00C1FB58 /* Preview Assets.xcassets in Resources */ = {isa = PBXBuildFile; fileRef = 63AFA1EA2C0640EC00C1FB58 /* Preview Assets.xcassets */; };
		63AFA1F52C0640EC00C1FB58 /* AirTicketsTests.swift in Sources */ = {isa = PBXBuildFile; fileRef = 63AFA1F42C0640EC00C1FB58 /* AirTicketsTests.swift */; };
		63AFA1FF2C0640EC00C1FB58 /* AirTicketsUITests.swift in Sources */ = {isa = PBXBuildFile; fileRef = 63AFA1FE2C0640EC00C1FB58 /* AirTicketsUITests.swift */; };
		63AFA2012C0640EC00C1FB58 /* AirTicketsUITestsLaunchTests.swift in Sources */ = {isa = PBXBuildFile; fileRef = 63AFA2002C0640EC00C1FB58 /* AirTicketsUITestsLaunchTests.swift */; };
		63AFA20E2C074D7900C1FB58 /* Theme.swift in Sources */ = {isa = PBXBuildFile; fileRef = 63AFA20D2C074D7900C1FB58 /* Theme.swift */; };
		63AFA2102C07553000C1FB58 /* Offers.swift in Sources */ = {isa = PBXBuildFile; fileRef = 63AFA20F2C07553000C1FB58 /* Offers.swift */; };
		63AFA2122C076E0900C1FB58 /* ViewModel.swift in Sources */ = {isa = PBXBuildFile; fileRef = 63AFA2112C076E0900C1FB58 /* ViewModel.swift */; };
		63AFA2142C079F3D00C1FB58 /* Font.swift in Sources */ = {isa = PBXBuildFile; fileRef = 63AFA2132C079F3D00C1FB58 /* Font.swift */; };
		63AFA2172C07A86500C1FB58 /* TicketsSearchView.swift in Sources */ = {isa = PBXBuildFile; fileRef = 63AFA2162C07A86500C1FB58 /* TicketsSearchView.swift */; };
		63AFA2192C07A9A400C1FB58 /* ComingSoonView.swift in Sources */ = {isa = PBXBuildFile; fileRef = 63AFA2182C07A9A400C1FB58 /* ComingSoonView.swift */; };
		63AFA21B2C07E23100C1FB58 /* DetailedTicketSearchView.swift in Sources */ = {isa = PBXBuildFile; fileRef = 63AFA21A2C07E23100C1FB58 /* DetailedTicketSearchView.swift */; };
		63AFA21D2C08D0A400C1FB58 /* TicketsOffers.swift in Sources */ = {isa = PBXBuildFile; fileRef = 63AFA21C2C08D0A400C1FB58 /* TicketsOffers.swift */; };
		63AFA21F2C092CEA00C1FB58 /* SearchBar.swift in Sources */ = {isa = PBXBuildFile; fileRef = 63AFA21E2C092CEA00C1FB58 /* SearchBar.swift */; };
		63AFA2212C09327900C1FB58 /* CountrySelectedSearchView.swift in Sources */ = {isa = PBXBuildFile; fileRef = 63AFA2202C09327900C1FB58 /* CountrySelectedSearchView.swift */; };
		63AFA2232C094A8C00C1FB58 /* DatePickerView.swift in Sources */ = {isa = PBXBuildFile; fileRef = 63AFA2222C094A8C00C1FB58 /* DatePickerView.swift */; };
		63AFA2292C0A273C00C1FB58 /* Tickets.swift in Sources */ = {isa = PBXBuildFile; fileRef = 63AFA2282C0A273C00C1FB58 /* Tickets.swift */; };
		63AFA22B2C0A3E1700C1FB58 /* AllTicketsView.swift in Sources */ = {isa = PBXBuildFile; fileRef = 63AFA22A2C0A3E1700C1FB58 /* AllTicketsView.swift */; };
/* End PBXBuildFile section */

/* Begin PBXContainerItemProxy section */
		63AFA1F12C0640EC00C1FB58 /* PBXContainerItemProxy */ = {
			isa = PBXContainerItemProxy;
			containerPortal = 63AFA1D72C0640EB00C1FB58 /* Project object */;
			proxyType = 1;
			remoteGlobalIDString = 63AFA1DE2C0640EB00C1FB58;
			remoteInfo = AirTickets;
		};
		63AFA1FB2C0640EC00C1FB58 /* PBXContainerItemProxy */ = {
			isa = PBXContainerItemProxy;
			containerPortal = 63AFA1D72C0640EB00C1FB58 /* Project object */;
			proxyType = 1;
			remoteGlobalIDString = 63AFA1DE2C0640EB00C1FB58;
			remoteInfo = AirTickets;
		};
/* End PBXContainerItemProxy section */

/* Begin PBXFileReference section */
		63A87FD32C0BE02E00A75A22 /* NavigationRouter.swift */ = {isa = PBXFileReference; lastKnownFileType = sourcecode.swift; path = NavigationRouter.swift; sourceTree = "<group>"; };
		63AFA1DF2C0640EB00C1FB58 /* AirTickets.app */ = {isa = PBXFileReference; explicitFileType = wrapper.application; includeInIndex = 0; path = AirTickets.app; sourceTree = BUILT_PRODUCTS_DIR; };
		63AFA1E22C0640EB00C1FB58 /* AirTicketsApp.swift */ = {isa = PBXFileReference; lastKnownFileType = sourcecode.swift; path = AirTicketsApp.swift; sourceTree = "<group>"; };
		63AFA1E42C0640EB00C1FB58 /* ContentView.swift */ = {isa = PBXFileReference; lastKnownFileType = sourcecode.swift; path = ContentView.swift; sourceTree = "<group>"; };
		63AFA1E62C0640EC00C1FB58 /* Assets.xcassets */ = {isa = PBXFileReference; lastKnownFileType = folder.assetcatalog; path = Assets.xcassets; sourceTree = "<group>"; };
		63AFA1E82C0640EC00C1FB58 /* AirTickets.entitlements */ = {isa = PBXFileReference; lastKnownFileType = text.plist.entitlements; path = AirTickets.entitlements; sourceTree = "<group>"; };
		63AFA1EA2C0640EC00C1FB58 /* Preview Assets.xcassets */ = {isa = PBXFileReference; lastKnownFileType = folder.assetcatalog; path = "Preview Assets.xcassets"; sourceTree = "<group>"; };
		63AFA1F02C0640EC00C1FB58 /* AirTicketsTests.xctest */ = {isa = PBXFileReference; explicitFileType = wrapper.cfbundle; includeInIndex = 0; path = AirTicketsTests.xctest; sourceTree = BUILT_PRODUCTS_DIR; };
		63AFA1F42C0640EC00C1FB58 /* AirTicketsTests.swift */ = {isa = PBXFileReference; lastKnownFileType = sourcecode.swift; path = AirTicketsTests.swift; sourceTree = "<group>"; };
		63AFA1FA2C0640EC00C1FB58 /* AirTicketsUITests.xctest */ = {isa = PBXFileReference; explicitFileType = wrapper.cfbundle; includeInIndex = 0; path = AirTicketsUITests.xctest; sourceTree = BUILT_PRODUCTS_DIR; };
		63AFA1FE2C0640EC00C1FB58 /* AirTicketsUITests.swift */ = {isa = PBXFileReference; lastKnownFileType = sourcecode.swift; path = AirTicketsUITests.swift; sourceTree = "<group>"; };
		63AFA2002C0640EC00C1FB58 /* AirTicketsUITestsLaunchTests.swift */ = {isa = PBXFileReference; lastKnownFileType = sourcecode.swift; path = AirTicketsUITestsLaunchTests.swift; sourceTree = "<group>"; };
		63AFA20D2C074D7900C1FB58 /* Theme.swift */ = {isa = PBXFileReference; fileEncoding = 4; lastKnownFileType = sourcecode.swift; path = Theme.swift; sourceTree = "<group>"; };
		63AFA20F2C07553000C1FB58 /* Offers.swift */ = {isa = PBXFileReference; lastKnownFileType = sourcecode.swift; path = Offers.swift; sourceTree = "<group>"; };
		63AFA2112C076E0900C1FB58 /* ViewModel.swift */ = {isa = PBXFileReference; lastKnownFileType = sourcecode.swift; path = ViewModel.swift; sourceTree = "<group>"; };
		63AFA2132C079F3D00C1FB58 /* Font.swift */ = {isa = PBXFileReference; fileEncoding = 4; lastKnownFileType = sourcecode.swift; path = Font.swift; sourceTree = "<group>"; };
		63AFA2162C07A86500C1FB58 /* TicketsSearchView.swift */ = {isa = PBXFileReference; lastKnownFileType = sourcecode.swift; path = TicketsSearchView.swift; sourceTree = "<group>"; };
		63AFA2182C07A9A400C1FB58 /* ComingSoonView.swift */ = {isa = PBXFileReference; lastKnownFileType = sourcecode.swift; path = ComingSoonView.swift; sourceTree = "<group>"; };
		63AFA21A2C07E23100C1FB58 /* DetailedTicketSearchView.swift */ = {isa = PBXFileReference; lastKnownFileType = sourcecode.swift; path = DetailedTicketSearchView.swift; sourceTree = "<group>"; };
		63AFA21C2C08D0A400C1FB58 /* TicketsOffers.swift */ = {isa = PBXFileReference; lastKnownFileType = sourcecode.swift; path = TicketsOffers.swift; sourceTree = "<group>"; };
		63AFA21E2C092CEA00C1FB58 /* SearchBar.swift */ = {isa = PBXFileReference; lastKnownFileType = sourcecode.swift; path = SearchBar.swift; sourceTree = "<group>"; };
		63AFA2202C09327900C1FB58 /* CountrySelectedSearchView.swift */ = {isa = PBXFileReference; lastKnownFileType = sourcecode.swift; path = CountrySelectedSearchView.swift; sourceTree = "<group>"; };
		63AFA2222C094A8C00C1FB58 /* DatePickerView.swift */ = {isa = PBXFileReference; lastKnownFileType = sourcecode.swift; path = DatePickerView.swift; sourceTree = "<group>"; };
		63AFA2282C0A273C00C1FB58 /* Tickets.swift */ = {isa = PBXFileReference; lastKnownFileType = sourcecode.swift; path = Tickets.swift; sourceTree = "<group>"; };
		63AFA22A2C0A3E1700C1FB58 /* AllTicketsView.swift */ = {isa = PBXFileReference; lastKnownFileType = sourcecode.swift; path = AllTicketsView.swift; sourceTree = "<group>"; };
/* End PBXFileReference section */

/* Begin PBXFrameworksBuildPhase section */
		63AFA1DC2C0640EB00C1FB58 /* Frameworks */ = {
			isa = PBXFrameworksBuildPhase;
			buildActionMask = 2147483647;
			files = (
			);
			runOnlyForDeploymentPostprocessing = 0;
		};
		63AFA1ED2C0640EC00C1FB58 /* Frameworks */ = {
			isa = PBXFrameworksBuildPhase;
			buildActionMask = 2147483647;
			files = (
			);
			runOnlyForDeploymentPostprocessing = 0;
		};
		63AFA1F72C0640EC00C1FB58 /* Frameworks */ = {
			isa = PBXFrameworksBuildPhase;
			buildActionMask = 2147483647;
			files = (
			);
			runOnlyForDeploymentPostprocessing = 0;
		};
/* End PBXFrameworksBuildPhase section */

/* Begin PBXGroup section */
		63AFA1D62C0640EB00C1FB58 = {
			isa = PBXGroup;
			children = (
				63AFA1E12C0640EB00C1FB58 /* AirTickets */,
				63AFA1F32C0640EC00C1FB58 /* AirTicketsTests */,
				63AFA1FD2C0640EC00C1FB58 /* AirTicketsUITests */,
				63AFA1E02C0640EB00C1FB58 /* Products */,
			);
			sourceTree = "<group>";
		};
		63AFA1E02C0640EB00C1FB58 /* Products */ = {
			isa = PBXGroup;
			children = (
				63AFA1DF2C0640EB00C1FB58 /* AirTickets.app */,
				63AFA1F02C0640EC00C1FB58 /* AirTicketsTests.xctest */,
				63AFA1FA2C0640EC00C1FB58 /* AirTicketsUITests.xctest */,
			);
			name = Products;
			sourceTree = "<group>";
		};
		63AFA1E12C0640EB00C1FB58 /* AirTickets */ = {
			isa = PBXGroup;
			children = (
				63AFA1E22C0640EB00C1FB58 /* AirTicketsApp.swift */,
				63AFA1E42C0640EB00C1FB58 /* ContentView.swift */,
				63AFA2272C09F13C00C1FB58 /* Views */,
				63AFA2252C09F09800C1FB58 /* ViewModel */,
				63AFA2262C09F0C600C1FB58 /* Components */,
				63AFA2242C09F04600C1FB58 /* Models */,
				63AFA2152C07A09D00C1FB58 /* Styles */,
				63AFA1E62C0640EC00C1FB58 /* Assets.xcassets */,
				63AFA1E82C0640EC00C1FB58 /* AirTickets.entitlements */,
				63AFA1E92C0640EC00C1FB58 /* Preview Content */,
			);
			path = AirTickets;
			sourceTree = "<group>";
		};
		63AFA1E92C0640EC00C1FB58 /* Preview Content */ = {
			isa = PBXGroup;
			children = (
				63AFA1EA2C0640EC00C1FB58 /* Preview Assets.xcassets */,
			);
			path = "Preview Content";
			sourceTree = "<group>";
		};
		63AFA1F32C0640EC00C1FB58 /* AirTicketsTests */ = {
			isa = PBXGroup;
			children = (
				63AFA1F42C0640EC00C1FB58 /* AirTicketsTests.swift */,
			);
			path = AirTicketsTests;
			sourceTree = "<group>";
		};
		63AFA1FD2C0640EC00C1FB58 /* AirTicketsUITests */ = {
			isa = PBXGroup;
			children = (
				63AFA1FE2C0640EC00C1FB58 /* AirTicketsUITests.swift */,
				63AFA2002C0640EC00C1FB58 /* AirTicketsUITestsLaunchTests.swift */,
			);
			path = AirTicketsUITests;
			sourceTree = "<group>";
		};
		63AFA2152C07A09D00C1FB58 /* Styles */ = {
			isa = PBXGroup;
			children = (
				63AFA2132C079F3D00C1FB58 /* Font.swift */,
				63AFA20D2C074D7900C1FB58 /* Theme.swift */,
			);
			path = Styles;
			sourceTree = "<group>";
		};
		63AFA2242C09F04600C1FB58 /* Models */ = {
			isa = PBXGroup;
			children = (
				63AFA20F2C07553000C1FB58 /* Offers.swift */,
				63AFA21C2C08D0A400C1FB58 /* TicketsOffers.swift */,
				63AFA2282C0A273C00C1FB58 /* Tickets.swift */,
			);
			path = Models;
			sourceTree = "<group>";
		};
		63AFA2252C09F09800C1FB58 /* ViewModel */ = {
			isa = PBXGroup;
			children = (
				63AFA2112C076E0900C1FB58 /* ViewModel.swift */,
			);
			path = ViewModel;
			sourceTree = "<group>";
		};
		63AFA2262C09F0C600C1FB58 /* Components */ = {
			isa = PBXGroup;
			children = (
				63AFA21E2C092CEA00C1FB58 /* SearchBar.swift */,
				63AFA2222C094A8C00C1FB58 /* DatePickerView.swift */,
				63AFA2182C07A9A400C1FB58 /* ComingSoonView.swift */,
				63A87FD32C0BE02E00A75A22 /* NavigationRouter.swift */,
			);
			path = Components;
			sourceTree = "<group>";
		};
		63AFA2272C09F13C00C1FB58 /* Views */ = {
			isa = PBXGroup;
			children = (
				63AFA22A2C0A3E1700C1FB58 /* AllTicketsView.swift */,
				63AFA2202C09327900C1FB58 /* CountrySelectedSearchView.swift */,
				63AFA21A2C07E23100C1FB58 /* DetailedTicketSearchView.swift */,
				63AFA2162C07A86500C1FB58 /* TicketsSearchView.swift */,
			);
			path = Views;
			sourceTree = "<group>";
		};
/* End PBXGroup section */

/* Begin PBXNativeTarget section */
		63AFA1DE2C0640EB00C1FB58 /* AirTickets */ = {
			isa = PBXNativeTarget;
			buildConfigurationList = 63AFA2042C0640EC00C1FB58 /* Build configuration list for PBXNativeTarget "AirTickets" */;
			buildPhases = (
				63AFA1DB2C0640EB00C1FB58 /* Sources */,
				63AFA1DC2C0640EB00C1FB58 /* Frameworks */,
				63AFA1DD2C0640EB00C1FB58 /* Resources */,
			);
			buildRules = (
			);
			dependencies = (
			);
			name = AirTickets;
			productName = AirTickets;
			productReference = 63AFA1DF2C0640EB00C1FB58 /* AirTickets.app */;
			productType = "com.apple.product-type.application";
		};
		63AFA1EF2C0640EC00C1FB58 /* AirTicketsTests */ = {
			isa = PBXNativeTarget;
			buildConfigurationList = 63AFA2072C0640EC00C1FB58 /* Build configuration list for PBXNativeTarget "AirTicketsTests" */;
			buildPhases = (
				63AFA1EC2C0640EC00C1FB58 /* Sources */,
				63AFA1ED2C0640EC00C1FB58 /* Frameworks */,
				63AFA1EE2C0640EC00C1FB58 /* Resources */,
			);
			buildRules = (
			);
			dependencies = (
				63AFA1F22C0640EC00C1FB58 /* PBXTargetDependency */,
			);
			name = AirTicketsTests;
			productName = AirTicketsTests;
			productReference = 63AFA1F02C0640EC00C1FB58 /* AirTicketsTests.xctest */;
			productType = "com.apple.product-type.bundle.unit-test";
		};
		63AFA1F92C0640EC00C1FB58 /* AirTicketsUITests */ = {
			isa = PBXNativeTarget;
			buildConfigurationList = 63AFA20A2C0640EC00C1FB58 /* Build configuration list for PBXNativeTarget "AirTicketsUITests" */;
			buildPhases = (
				63AFA1F62C0640EC00C1FB58 /* Sources */,
				63AFA1F72C0640EC00C1FB58 /* Frameworks */,
				63AFA1F82C0640EC00C1FB58 /* Resources */,
			);
			buildRules = (
			);
			dependencies = (
				63AFA1FC2C0640EC00C1FB58 /* PBXTargetDependency */,
			);
			name = AirTicketsUITests;
			productName = AirTicketsUITests;
			productReference = 63AFA1FA2C0640EC00C1FB58 /* AirTicketsUITests.xctest */;
			productType = "com.apple.product-type.bundle.ui-testing";
		};
/* End PBXNativeTarget section */

/* Begin PBXProject section */
		63AFA1D72C0640EB00C1FB58 /* Project object */ = {
			isa = PBXProject;
			attributes = {
				BuildIndependentTargetsInParallel = 1;
				LastSwiftUpdateCheck = 1500;
				LastUpgradeCheck = 1500;
				TargetAttributes = {
					63AFA1DE2C0640EB00C1FB58 = {
						CreatedOnToolsVersion = 15.0.1;
					};
					63AFA1EF2C0640EC00C1FB58 = {
						CreatedOnToolsVersion = 15.0.1;
						TestTargetID = 63AFA1DE2C0640EB00C1FB58;
					};
					63AFA1F92C0640EC00C1FB58 = {
						CreatedOnToolsVersion = 15.0.1;
						TestTargetID = 63AFA1DE2C0640EB00C1FB58;
					};
				};
			};
			buildConfigurationList = 63AFA1DA2C0640EB00C1FB58 /* Build configuration list for PBXProject "AirTickets" */;
			compatibilityVersion = "Xcode 14.0";
			developmentRegion = en;
			hasScannedForEncodings = 0;
			knownRegions = (
				en,
				Base,
			);
			mainGroup = 63AFA1D62C0640EB00C1FB58;
			productRefGroup = 63AFA1E02C0640EB00C1FB58 /* Products */;
			projectDirPath = "";
			projectRoot = "";
			targets = (
				63AFA1DE2C0640EB00C1FB58 /* AirTickets */,
				63AFA1EF2C0640EC00C1FB58 /* AirTicketsTests */,
				63AFA1F92C0640EC00C1FB58 /* AirTicketsUITests */,
			);
		};
/* End PBXProject section */

/* Begin PBXResourcesBuildPhase section */
		63AFA1DD2C0640EB00C1FB58 /* Resources */ = {
			isa = PBXResourcesBuildPhase;
			buildActionMask = 2147483647;
			files = (
				63AFA1EB2C0640EC00C1FB58 /* Preview Assets.xcassets in Resources */,
				63AFA1E72C0640EC00C1FB58 /* Assets.xcassets in Resources */,
			);
			runOnlyForDeploymentPostprocessing = 0;
		};
		63AFA1EE2C0640EC00C1FB58 /* Resources */ = {
			isa = PBXResourcesBuildPhase;
			buildActionMask = 2147483647;
			files = (
			);
			runOnlyForDeploymentPostprocessing = 0;
		};
		63AFA1F82C0640EC00C1FB58 /* Resources */ = {
			isa = PBXResourcesBuildPhase;
			buildActionMask = 2147483647;
			files = (
			);
			runOnlyForDeploymentPostprocessing = 0;
		};
/* End PBXResourcesBuildPhase section */

/* Begin PBXSourcesBuildPhase section */
		63AFA1DB2C0640EB00C1FB58 /* Sources */ = {
			isa = PBXSourcesBuildPhase;
			buildActionMask = 2147483647;
			files = (
				63AFA2122C076E0900C1FB58 /* ViewModel.swift in Sources */,
				63AFA2102C07553000C1FB58 /* Offers.swift in Sources */,
				63A87FD42C0BE02E00A75A22 /* NavigationRouter.swift in Sources */,
				63AFA2142C079F3D00C1FB58 /* Font.swift in Sources */,
				63AFA21B2C07E23100C1FB58 /* DetailedTicketSearchView.swift in Sources */,
				63AFA20E2C074D7900C1FB58 /* Theme.swift in Sources */,
				63AFA1E52C0640EB00C1FB58 /* ContentView.swift in Sources */,
				63AFA21D2C08D0A400C1FB58 /* TicketsOffers.swift in Sources */,
				63AFA2172C07A86500C1FB58 /* TicketsSearchView.swift in Sources */,
				63AFA2212C09327900C1FB58 /* CountrySelectedSearchView.swift in Sources */,
				63AFA2232C094A8C00C1FB58 /* DatePickerView.swift in Sources */,
				63AFA2192C07A9A400C1FB58 /* ComingSoonView.swift in Sources */,
				63AFA22B2C0A3E1700C1FB58 /* AllTicketsView.swift in Sources */,
				63AFA21F2C092CEA00C1FB58 /* SearchBar.swift in Sources */,
				63AFA1E32C0640EB00C1FB58 /* AirTicketsApp.swift in Sources */,
				63AFA2292C0A273C00C1FB58 /* Tickets.swift in Sources */,
			);
			runOnlyForDeploymentPostprocessing = 0;
		};
		63AFA1EC2C0640EC00C1FB58 /* Sources */ = {
			isa = PBXSourcesBuildPhase;
			buildActionMask = 2147483647;
			files = (
				63AFA1F52C0640EC00C1FB58 /* AirTicketsTests.swift in Sources */,
			);
			runOnlyForDeploymentPostprocessing = 0;
		};
		63AFA1F62C0640EC00C1FB58 /* Sources */ = {
			isa = PBXSourcesBuildPhase;
			buildActionMask = 2147483647;
			files = (
				63AFA1FF2C0640EC00C1FB58 /* AirTicketsUITests.swift in Sources */,
				63AFA2012C0640EC00C1FB58 /* AirTicketsUITestsLaunchTests.swift in Sources */,
			);
			runOnlyForDeploymentPostprocessing = 0;
		};
/* End PBXSourcesBuildPhase section */

/* Begin PBXTargetDependency section */
		63AFA1F22C0640EC00C1FB58 /* PBXTargetDependency */ = {
			isa = PBXTargetDependency;
			target = 63AFA1DE2C0640EB00C1FB58 /* AirTickets */;
			targetProxy = 63AFA1F12C0640EC00C1FB58 /* PBXContainerItemProxy */;
		};
		63AFA1FC2C0640EC00C1FB58 /* PBXTargetDependency */ = {
			isa = PBXTargetDependency;
			target = 63AFA1DE2C0640EB00C1FB58 /* AirTickets */;
			targetProxy = 63AFA1FB2C0640EC00C1FB58 /* PBXContainerItemProxy */;
		};
/* End PBXTargetDependency section */

/* Begin XCBuildConfiguration section */
		63AFA2022C0640EC00C1FB58 /* Debug */ = {
			isa = XCBuildConfiguration;
			buildSettings = {
				ALWAYS_SEARCH_USER_PATHS = NO;
				ASSETCATALOG_COMPILER_GENERATE_SWIFT_ASSET_SYMBOL_EXTENSIONS = YES;
				CLANG_ANALYZER_NONNULL = YES;
				CLANG_ANALYZER_NUMBER_OBJECT_CONVERSION = YES_AGGRESSIVE;
				CLANG_CXX_LANGUAGE_STANDARD = "gnu++20";
				CLANG_ENABLE_MODULES = YES;
				CLANG_ENABLE_OBJC_ARC = YES;
				CLANG_ENABLE_OBJC_WEAK = YES;
				CLANG_WARN_BLOCK_CAPTURE_AUTORELEASING = YES;
				CLANG_WARN_BOOL_CONVERSION = YES;
				CLANG_WARN_COMMA = YES;
				CLANG_WARN_CONSTANT_CONVERSION = YES;
				CLANG_WARN_DEPRECATED_OBJC_IMPLEMENTATIONS = YES;
				CLANG_WARN_DIRECT_OBJC_ISA_USAGE = YES_ERROR;
				CLANG_WARN_DOCUMENTATION_COMMENTS = YES;
				CLANG_WARN_EMPTY_BODY = YES;
				CLANG_WARN_ENUM_CONVERSION = YES;
				CLANG_WARN_INFINITE_RECURSION = YES;
				CLANG_WARN_INT_CONVERSION = YES;
				CLANG_WARN_NON_LITERAL_NULL_CONVERSION = YES;
				CLANG_WARN_OBJC_IMPLICIT_RETAIN_SELF = YES;
				CLANG_WARN_OBJC_LITERAL_CONVERSION = YES;
				CLANG_WARN_OBJC_ROOT_CLASS = YES_ERROR;
				CLANG_WARN_QUOTED_INCLUDE_IN_FRAMEWORK_HEADER = YES;
				CLANG_WARN_RANGE_LOOP_ANALYSIS = YES;
				CLANG_WARN_STRICT_PROTOTYPES = YES;
				CLANG_WARN_SUSPICIOUS_MOVE = YES;
				CLANG_WARN_UNGUARDED_AVAILABILITY = YES_AGGRESSIVE;
				CLANG_WARN_UNREACHABLE_CODE = YES;
				CLANG_WARN__DUPLICATE_METHOD_MATCH = YES;
				COPY_PHASE_STRIP = NO;
				DEBUG_INFORMATION_FORMAT = dwarf;
				ENABLE_STRICT_OBJC_MSGSEND = YES;
				ENABLE_TESTABILITY = YES;
				ENABLE_USER_SCRIPT_SANDBOXING = YES;
				GCC_C_LANGUAGE_STANDARD = gnu17;
				GCC_DYNAMIC_NO_PIC = NO;
				GCC_NO_COMMON_BLOCKS = YES;
				GCC_OPTIMIZATION_LEVEL = 0;
				GCC_PREPROCESSOR_DEFINITIONS = (
					"DEBUG=1",
					"$(inherited)",
				);
				GCC_WARN_64_TO_32_BIT_CONVERSION = YES;
				GCC_WARN_ABOUT_RETURN_TYPE = YES_ERROR;
				GCC_WARN_UNDECLARED_SELECTOR = YES;
				GCC_WARN_UNINITIALIZED_AUTOS = YES_AGGRESSIVE;
				GCC_WARN_UNUSED_FUNCTION = YES;
				GCC_WARN_UNUSED_VARIABLE = YES;
				LOCALIZATION_PREFERS_STRING_CATALOGS = YES;
				MTL_ENABLE_DEBUG_INFO = INCLUDE_SOURCE;
				MTL_FAST_MATH = YES;
				ONLY_ACTIVE_ARCH = YES;
				SWIFT_ACTIVE_COMPILATION_CONDITIONS = "DEBUG $(inherited)";
				SWIFT_OPTIMIZATION_LEVEL = "-Onone";
			};
			name = Debug;
		};
		63AFA2032C0640EC00C1FB58 /* Release */ = {
			isa = XCBuildConfiguration;
			buildSettings = {
				ALWAYS_SEARCH_USER_PATHS = NO;
				ASSETCATALOG_COMPILER_GENERATE_SWIFT_ASSET_SYMBOL_EXTENSIONS = YES;
				CLANG_ANALYZER_NONNULL = YES;
				CLANG_ANALYZER_NUMBER_OBJECT_CONVERSION = YES_AGGRESSIVE;
				CLANG_CXX_LANGUAGE_STANDARD = "gnu++20";
				CLANG_ENABLE_MODULES = YES;
				CLANG_ENABLE_OBJC_ARC = YES;
				CLANG_ENABLE_OBJC_WEAK = YES;
				CLANG_WARN_BLOCK_CAPTURE_AUTORELEASING = YES;
				CLANG_WARN_BOOL_CONVERSION = YES;
				CLANG_WARN_COMMA = YES;
				CLANG_WARN_CONSTANT_CONVERSION = YES;
				CLANG_WARN_DEPRECATED_OBJC_IMPLEMENTATIONS = YES;
				CLANG_WARN_DIRECT_OBJC_ISA_USAGE = YES_ERROR;
				CLANG_WARN_DOCUMENTATION_COMMENTS = YES;
				CLANG_WARN_EMPTY_BODY = YES;
				CLANG_WARN_ENUM_CONVERSION = YES;
				CLANG_WARN_INFINITE_RECURSION = YES;
				CLANG_WARN_INT_CONVERSION = YES;
				CLANG_WARN_NON_LITERAL_NULL_CONVERSION = YES;
				CLANG_WARN_OBJC_IMPLICIT_RETAIN_SELF = YES;
				CLANG_WARN_OBJC_LITERAL_CONVERSION = YES;
				CLANG_WARN_OBJC_ROOT_CLASS = YES_ERROR;
				CLANG_WARN_QUOTED_INCLUDE_IN_FRAMEWORK_HEADER = YES;
				CLANG_WARN_RANGE_LOOP_ANALYSIS = YES;
				CLANG_WARN_STRICT_PROTOTYPES = YES;
				CLANG_WARN_SUSPICIOUS_MOVE = YES;
				CLANG_WARN_UNGUARDED_AVAILABILITY = YES_AGGRESSIVE;
				CLANG_WARN_UNREACHABLE_CODE = YES;
				CLANG_WARN__DUPLICATE_METHOD_MATCH = YES;
				COPY_PHASE_STRIP = NO;
				DEBUG_INFORMATION_FORMAT = "dwarf-with-dsym";
				ENABLE_NS_ASSERTIONS = NO;
				ENABLE_STRICT_OBJC_MSGSEND = YES;
				ENABLE_USER_SCRIPT_SANDBOXING = YES;
				GCC_C_LANGUAGE_STANDARD = gnu17;
				GCC_NO_COMMON_BLOCKS = YES;
				GCC_WARN_64_TO_32_BIT_CONVERSION = YES;
				GCC_WARN_ABOUT_RETURN_TYPE = YES_ERROR;
				GCC_WARN_UNDECLARED_SELECTOR = YES;
				GCC_WARN_UNINITIALIZED_AUTOS = YES_AGGRESSIVE;
				GCC_WARN_UNUSED_FUNCTION = YES;
				GCC_WARN_UNUSED_VARIABLE = YES;
				LOCALIZATION_PREFERS_STRING_CATALOGS = YES;
				MTL_ENABLE_DEBUG_INFO = NO;
				MTL_FAST_MATH = YES;
				SWIFT_COMPILATION_MODE = wholemodule;
			};
			name = Release;
		};
		63AFA2052C0640EC00C1FB58 /* Debug */ = {
			isa = XCBuildConfiguration;
			buildSettings = {
				ASSETCATALOG_COMPILER_APPICON_NAME = AppIcon;
				ASSETCATALOG_COMPILER_GLOBAL_ACCENT_COLOR_NAME = AccentColor;
				CODE_SIGN_ENTITLEMENTS = AirTickets/AirTickets.entitlements;
				CODE_SIGN_STYLE = Automatic;
				CURRENT_PROJECT_VERSION = 1;
				DEVELOPMENT_ASSET_PATHS = "\"AirTickets/Preview Content\"";
				DEVELOPMENT_TEAM = SC29G87YTT;
				ENABLE_PREVIEWS = YES;
				GENERATE_INFOPLIST_FILE = YES;
				"INFOPLIST_KEY_UIApplicationSceneManifest_Generation[sdk=iphoneos*]" = YES;
				"INFOPLIST_KEY_UIApplicationSceneManifest_Generation[sdk=iphonesimulator*]" = YES;
				"INFOPLIST_KEY_UIApplicationSupportsIndirectInputEvents[sdk=iphoneos*]" = YES;
				"INFOPLIST_KEY_UIApplicationSupportsIndirectInputEvents[sdk=iphonesimulator*]" = YES;
				"INFOPLIST_KEY_UILaunchScreen_Generation[sdk=iphoneos*]" = YES;
				"INFOPLIST_KEY_UILaunchScreen_Generation[sdk=iphonesimulator*]" = YES;
				"INFOPLIST_KEY_UIStatusBarStyle[sdk=iphoneos*]" = UIStatusBarStyleDefault;
				"INFOPLIST_KEY_UIStatusBarStyle[sdk=iphonesimulator*]" = UIStatusBarStyleDefault;
				INFOPLIST_KEY_UISupportedInterfaceOrientations_iPad = "UIInterfaceOrientationPortrait UIInterfaceOrientationPortraitUpsideDown UIInterfaceOrientationLandscapeLeft UIInterfaceOrientationLandscapeRight";
				INFOPLIST_KEY_UISupportedInterfaceOrientations_iPhone = "UIInterfaceOrientationPortrait UIInterfaceOrientationLandscapeLeft UIInterfaceOrientationLandscapeRight";
				IPHONEOS_DEPLOYMENT_TARGET = 17.0;
				LD_RUNPATH_SEARCH_PATHS = "@executable_path/Frameworks";
				"LD_RUNPATH_SEARCH_PATHS[sdk=macosx*]" = "@executable_path/../Frameworks";
				MACOSX_DEPLOYMENT_TARGET = 14.0;
				MARKETING_VERSION = 1.0;
				PRODUCT_BUNDLE_IDENTIFIER = "com.example.apple-samplecode.AirTickets";
				PRODUCT_NAME = "$(TARGET_NAME)";
				SDKROOT = auto;
				SUPPORTED_PLATFORMS = "iphoneos iphonesimulator macosx";
				SWIFT_EMIT_LOC_STRINGS = YES;
				SWIFT_VERSION = 5.0;
				TARGETED_DEVICE_FAMILY = "1,2";
			};
			name = Debug;
		};
		63AFA2062C0640EC00C1FB58 /* Release */ = {
			isa = XCBuildConfiguration;
			buildSettings = {
				ASSETCATALOG_COMPILER_APPICON_NAME = AppIcon;
				ASSETCATALOG_COMPILER_GLOBAL_ACCENT_COLOR_NAME = AccentColor;
				CODE_SIGN_ENTITLEMENTS = AirTickets/AirTickets.entitlements;
				CODE_SIGN_STYLE = Automatic;
				CURRENT_PROJECT_VERSION = 1;
				DEVELOPMENT_ASSET_PATHS = "\"AirTickets/Preview Content\"";
				DEVELOPMENT_TEAM = SC29G87YTT;
				ENABLE_PREVIEWS = YES;
				GENERATE_INFOPLIST_FILE = YES;
				"INFOPLIST_KEY_UIApplicationSceneManifest_Generation[sdk=iphoneos*]" = YES;
				"INFOPLIST_KEY_UIApplicationSceneManifest_Generation[sdk=iphonesimulator*]" = YES;
				"INFOPLIST_KEY_UIApplicationSupportsIndirectInputEvents[sdk=iphoneos*]" = YES;
				"INFOPLIST_KEY_UIApplicationSupportsIndirectInputEvents[sdk=iphonesimulator*]" = YES;
				"INFOPLIST_KEY_UILaunchScreen_Generation[sdk=iphoneos*]" = YES;
				"INFOPLIST_KEY_UILaunchScreen_Generation[sdk=iphonesimulator*]" = YES;
				"INFOPLIST_KEY_UIStatusBarStyle[sdk=iphoneos*]" = UIStatusBarStyleDefault;
				"INFOPLIST_KEY_UIStatusBarStyle[sdk=iphonesimulator*]" = UIStatusBarStyleDefault;
				INFOPLIST_KEY_UISupportedInterfaceOrientations_iPad = "UIInterfaceOrientationPortrait UIInterfaceOrientationPortraitUpsideDown UIInterfaceOrientationLandscapeLeft UIInterfaceOrientationLandscapeRight";
				INFOPLIST_KEY_UISupportedInterfaceOrientations_iPhone = "UIInterfaceOrientationPortrait UIInterfaceOrientationLandscapeLeft UIInterfaceOrientationLandscapeRight";
				IPHONEOS_DEPLOYMENT_TARGET = 17.0;
				LD_RUNPATH_SEARCH_PATHS = "@executable_path/Frameworks";
				"LD_RUNPATH_SEARCH_PATHS[sdk=macosx*]" = "@executable_path/../Frameworks";
				MACOSX_DEPLOYMENT_TARGET = 14.0;
				MARKETING_VERSION = 1.0;
				PRODUCT_BUNDLE_IDENTIFIER = "com.example.apple-samplecode.AirTickets";
				PRODUCT_NAME = "$(TARGET_NAME)";
				SDKROOT = auto;
				SUPPORTED_PLATFORMS = "iphoneos iphonesimulator macosx";
				SWIFT_EMIT_LOC_STRINGS = YES;
				SWIFT_VERSION = 5.0;
				TARGETED_DEVICE_FAMILY = "1,2";
			};
			name = Release;
		};
		63AFA2082C0640EC00C1FB58 /* Debug */ = {
			isa = XCBuildConfiguration;
			buildSettings = {
				ALWAYS_EMBED_SWIFT_STANDARD_LIBRARIES = YES;
				BUNDLE_LOADER = "$(TEST_HOST)";
				CODE_SIGN_STYLE = Automatic;
				CURRENT_PROJECT_VERSION = 1;
				GENERATE_INFOPLIST_FILE = YES;
				IPHONEOS_DEPLOYMENT_TARGET = 17.0;
				MACOSX_DEPLOYMENT_TARGET = 14.0;
				MARKETING_VERSION = 1.0;
				PRODUCT_BUNDLE_IDENTIFIER = "com.example.apple-samplecode.AirTicketsTests";
				PRODUCT_NAME = "$(TARGET_NAME)";
				SDKROOT = auto;
				SUPPORTED_PLATFORMS = "iphoneos iphonesimulator macosx";
				SWIFT_EMIT_LOC_STRINGS = NO;
				SWIFT_VERSION = 5.0;
				TARGETED_DEVICE_FAMILY = "1,2";
				TEST_HOST = "$(BUILT_PRODUCTS_DIR)/AirTickets.app/$(BUNDLE_EXECUTABLE_FOLDER_PATH)/AirTickets";
			};
			name = Debug;
		};
		63AFA2092C0640EC00C1FB58 /* Release */ = {
			isa = XCBuildConfiguration;
			buildSettings = {
				ALWAYS_EMBED_SWIFT_STANDARD_LIBRARIES = YES;
				BUNDLE_LOADER = "$(TEST_HOST)";
				CODE_SIGN_STYLE = Automatic;
				CURRENT_PROJECT_VERSION = 1;
				GENERATE_INFOPLIST_FILE = YES;
				IPHONEOS_DEPLOYMENT_TARGET = 17.0;
				MACOSX_DEPLOYMENT_TARGET = 14.0;
				MARKETING_VERSION = 1.0;
				PRODUCT_BUNDLE_IDENTIFIER = "com.example.apple-samplecode.AirTicketsTests";
				PRODUCT_NAME = "$(TARGET_NAME)";
				SDKROOT = auto;
				SUPPORTED_PLATFORMS = "iphoneos iphonesimulator macosx";
				SWIFT_EMIT_LOC_STRINGS = NO;
				SWIFT_VERSION = 5.0;
				TARGETED_DEVICE_FAMILY = "1,2";
				TEST_HOST = "$(BUILT_PRODUCTS_DIR)/AirTickets.app/$(BUNDLE_EXECUTABLE_FOLDER_PATH)/AirTickets";
			};
			name = Release;
		};
		63AFA20B2C0640EC00C1FB58 /* Debug */ = {
			isa = XCBuildConfiguration;
			buildSettings = {
				ALWAYS_EMBED_SWIFT_STANDARD_LIBRARIES = YES;
				CODE_SIGN_STYLE = Automatic;
				CURRENT_PROJECT_VERSION = 1;
				GENERATE_INFOPLIST_FILE = YES;
				IPHONEOS_DEPLOYMENT_TARGET = 17.0;
				MACOSX_DEPLOYMENT_TARGET = 14.0;
				MARKETING_VERSION = 1.0;
				PRODUCT_BUNDLE_IDENTIFIER = "com.example.apple-samplecode.AirTicketsUITests";
				PRODUCT_NAME = "$(TARGET_NAME)";
				SDKROOT = auto;
				SUPPORTED_PLATFORMS = "iphoneos iphonesimulator macosx";
				SWIFT_EMIT_LOC_STRINGS = NO;
				SWIFT_VERSION = 5.0;
				TARGETED_DEVICE_FAMILY = "1,2";
				TEST_TARGET_NAME = AirTickets;
			};
			name = Debug;
		};
		63AFA20C2C0640EC00C1FB58 /* Release */ = {
			isa = XCBuildConfiguration;
			buildSettings = {
				ALWAYS_EMBED_SWIFT_STANDARD_LIBRARIES = YES;
				CODE_SIGN_STYLE = Automatic;
				CURRENT_PROJECT_VERSION = 1;
				GENERATE_INFOPLIST_FILE = YES;
				IPHONEOS_DEPLOYMENT_TARGET = 17.0;
				MACOSX_DEPLOYMENT_TARGET = 14.0;
				MARKETING_VERSION = 1.0;
				PRODUCT_BUNDLE_IDENTIFIER = "com.example.apple-samplecode.AirTicketsUITests";
				PRODUCT_NAME = "$(TARGET_NAME)";
				SDKROOT = auto;
				SUPPORTED_PLATFORMS = "iphoneos iphonesimulator macosx";
				SWIFT_EMIT_LOC_STRINGS = NO;
				SWIFT_VERSION = 5.0;
				TARGETED_DEVICE_FAMILY = "1,2";
				TEST_TARGET_NAME = AirTickets;
			};
			name = Release;
		};
/* End XCBuildConfiguration section */

/* Begin XCConfigurationList section */
		63AFA1DA2C0640EB00C1FB58 /* Build configuration list for PBXProject "AirTickets" */ = {
			isa = XCConfigurationList;
			buildConfigurations = (
				63AFA2022C0640EC00C1FB58 /* Debug */,
				63AFA2032C0640EC00C1FB58 /* Release */,
			);
			defaultConfigurationIsVisible = 0;
			defaultConfigurationName = Release;
		};
		63AFA2042C0640EC00C1FB58 /* Build configuration list for PBXNativeTarget "AirTickets" */ = {
			isa = XCConfigurationList;
			buildConfigurations = (
				63AFA2052C0640EC00C1FB58 /* Debug */,
				63AFA2062C0640EC00C1FB58 /* Release */,
			);
			defaultConfigurationIsVisible = 0;
			defaultConfigurationName = Release;
		};
		63AFA2072C0640EC00C1FB58 /* Build configuration list for PBXNativeTarget "AirTicketsTests" */ = {
			isa = XCConfigurationList;
			buildConfigurations = (
				63AFA2082C0640EC00C1FB58 /* Debug */,
				63AFA2092C0640EC00C1FB58 /* Release */,
			);
			defaultConfigurationIsVisible = 0;
			defaultConfigurationName = Release;
		};
		63AFA20A2C0640EC00C1FB58 /* Build configuration list for PBXNativeTarget "AirTicketsUITests" */ = {
			isa = XCConfigurationList;
			buildConfigurations = (
				63AFA20B2C0640EC00C1FB58 /* Debug */,
				63AFA20C2C0640EC00C1FB58 /* Release */,
			);
			defaultConfigurationIsVisible = 0;
			defaultConfigurationName = Release;
		};
/* End XCConfigurationList section */
	};
	rootObject = 63AFA1D72C0640EB00C1FB58 /* Project object */;
}
